
Microsoft Visual Studio Solution File, Format Version 12.00
# Visual Studio Version 17
VisualStudioVersion = 17.8.34511.84
MinimumVisualStudioVersion = 10.0.40219.1
Project("{9A19103F-16F7-4668-BE54-9A1E7A4F7556}") = "TyreManagementAppOOP", "TyreManagementAppOOP\TyreManagementAppOOP.csproj", "{42F1012F-32DC-449B-8584-AEF19D01FBBB}"
EndProject
Global
	GlobalSection(SolutionConfigurationPlatforms) = preSolution
		Debug|Any CPU = Debug|Any CPU
		Release|Any CPU = Release|Any CPU
	EndGlobalSection
	GlobalSection(ProjectConfigurationPlatforms) = postSolution
		{42F1012F-32DC-449B-8584-AEF19D01FBBB}.Debug|Any CPU.ActiveCfg = Debug|Any CPU
		{42F1012F-32DC-449B-8584-AEF19D01FBBB}.Debug|Any CPU.Build.0 = Debug|Any CPU
		{42F1012F-32DC-449B-8584-AEF19D01FBBB}.Release|Any CPU.ActiveCfg = Release|Any CPU
		{42F1012F-32DC-449B-8584-AEF19D01FBBB}.Release|Any CPU.Build.0 = Release|Any CPU
	EndGlobalSection
	GlobalSection(SolutionProperties) = preSolution
		HideSolutionNode = FALSE
	EndGlobalSection
	GlobalSection(ExtensibilityGlobals) = postSolution
		SolutionGuid = {23DAF793-FCD6-496E-AF44-5A59DA9123BE}
	EndGlobalSection
EndGlobal
